
Microsoft Visual Studio Solution File, Format Version 12.00
# Visual Studio 15
VisualStudioVersion = 15.0.28307.757
MinimumVisualStudioVersion = 10.0.40219.1
Project("{9A19103F-16F7-4668-BE54-9A1E7A4F7556}") = "CLI", "CLI\CLI.csproj", "{79D70FF0-94A6-42AE-A68C-C736996E1A94}"
EndProject
Project("{9A19103F-16F7-4668-BE54-9A1E7A4F7556}") = "Lib", "Lib\Lib.csproj", "{26DBA7F4-0CFF-4F69-BCDE-EBA7C66E3386}"
EndProject
Project("{9A19103F-16F7-4668-BE54-9A1E7A4F7556}") = "Api", "Api\Api.csproj", "{30B50351-DA6E-421A-BE7E-E4A73F3C8AE1}"
EndProject
Project("{2150E333-8FDC-42A3-9474-1A3956D46DE8}") = "Solution Items", "Solution Items", "{9EA42341-12AF-4E4A-B4C4-E1C8A87BC982}"
	ProjectSection(SolutionItems) = preProject
		AllRulesDisabled.ruleset = AllRulesDisabled.ruleset
		Directory.Build.props = Directory.Build.props
		Mandatory.ruleset = Mandatory.ruleset
	EndProjectSection
EndProject
Global
	GlobalSection(SolutionConfigurationPlatforms) = preSolution
		Debug|Any CPU = Debug|Any CPU
		Release|Any CPU = Release|Any CPU
	EndGlobalSection
	GlobalSection(ProjectConfigurationPlatforms) = postSolution
		{79D70FF0-94A6-42AE-A68C-C736996E1A94}.Debug|Any CPU.ActiveCfg = Debug|Any CPU
		{79D70FF0-94A6-42AE-A68C-C736996E1A94}.Debug|Any CPU.Build.0 = Debug|Any CPU
		{79D70FF0-94A6-42AE-A68C-C736996E1A94}.Release|Any CPU.ActiveCfg = Release|Any CPU
		{79D70FF0-94A6-42AE-A68C-C736996E1A94}.Release|Any CPU.Build.0 = Release|Any CPU
		{26DBA7F4-0CFF-4F69-BCDE-EBA7C66E3386}.Debug|Any CPU.ActiveCfg = Debug|Any CPU
		{26DBA7F4-0CFF-4F69-BCDE-EBA7C66E3386}.Debug|Any CPU.Build.0 = Debug|Any CPU
		{26DBA7F4-0CFF-4F69-BCDE-EBA7C66E3386}.Release|Any CPU.ActiveCfg = Release|Any CPU
		{26DBA7F4-0CFF-4F69-BCDE-EBA7C66E3386}.Release|Any CPU.Build.0 = Release|Any CPU
		{30B50351-DA6E-421A-BE7E-E4A73F3C8AE1}.Debug|Any CPU.ActiveCfg = Debug|Any CPU
		{30B50351-DA6E-421A-BE7E-E4A73F3C8AE1}.Debug|Any CPU.Build.0 = Debug|Any CPU
		{30B50351-DA6E-421A-BE7E-E4A73F3C8AE1}.Release|Any CPU.ActiveCfg = Release|Any CPU
		{30B50351-DA6E-421A-BE7E-E4A73F3C8AE1}.Release|Any CPU.Build.0 = Release|Any CPU
	EndGlobalSection
	GlobalSection(SolutionProperties) = preSolution
		HideSolutionNode = FALSE
	EndGlobalSection
	GlobalSection(ExtensibilityGlobals) = postSolution
		SolutionGuid = {71ADF6CF-36BB-454B-A127-97185FD8D797}
	EndGlobalSection
EndGlobal
